<Solution>
  <Folder Name="/src/" />
  <Folder Name="/src/Api/">
    <Project Path="src/Api/ArchIntel.Api/ArchIntel.Api.csproj" />
  </Folder>
  <Folder Name="/src/Cli/">
    <Project Path="src/Cli/Arch.Cli/Arch.Cli.csproj" />
  </Folder>
  <Folder Name="/src/GraphStore/">
    <Project Path="src/GraphStore/ArchIntel.GraphStore.Contracts/ArchIntel.GraphStore.Contracts.csproj" />
    <Project Path="src/GraphStore/ArchIntel.GraphStore.Core/ArchIntel.GraphStore.Core.csproj" />
    <Project Path="src/GraphStore/ArchIntel.GraphStore.Sqlite/ArchIntel.GraphStore.Sqlite.csproj" />
  </Folder>
  <Folder Name="/src/McpServer/">
    <Project Path="src/McpServer/ArchIntel.McpServer/ArchIntel.McpServer.csproj" />
  </Folder>
  <Folder Name="/src/Scanner/">
    <Project Path="src/Scanner/ArchScanner.Core/ArchScanner.Core.csproj" />
  </Folder>
  <Folder Name="/tests/">
    <Project Path="tests/ArchIntel.Api.Tests/ArchIntel.Api.Tests.csproj" />
    <Project Path="tests/Arch.Cli.Tests/Arch.Cli.Tests.csproj" />
    <Project Path="tests/ArchIntel.GraphStore.Contracts.Tests/ArchIntel.GraphStore.Contracts.Tests.csproj" />
    <Project Path="tests/ArchIntel.McpServer.Tests/ArchIntel.McpServer.Tests.csproj" />
    <Project Path="tests/ArchScanner.Core.Tests/ArchScanner.Core.Tests.csproj" />
  </Folder>
</Solution>
