
Microsoft Visual Studio Solution File, Format Version 12.00
# Visual Studio Version 17
VisualStudioVersion = 17.0.31903.59
MinimumVisualStudioVersion = 10.0.40219.1
Project("{2150E333-8FDC-42A3-9474-1A3956D46DE8}") = "Common", "Common", "{881589EE-639B-0A35-DBCE-5D94E4FC90C0}"
EndProject
Project("{FAE04EC0-301F-11D3-BF4B-00C04F79EFBC}") = "SampleErp.Common", "Common\SampleErp.Common.csproj", "{6D08A836-BC48-40E0-810C-61BCFF8D27EE}"
EndProject
Project("{2150E333-8FDC-42A3-9474-1A3956D46DE8}") = "Domain", "Domain", "{996CEBED-A05B-5D42-3FF0-982E087A2599}"
EndProject
Project("{FAE04EC0-301F-11D3-BF4B-00C04F79EFBC}") = "SampleErp.Domain", "Domain\SampleErp.Domain.csproj", "{A3296231-6179-40C7-9FED-5D76A0F8DC76}"
EndProject
Project("{2150E333-8FDC-42A3-9474-1A3956D46DE8}") = "Application", "Application", "{A74F262E-BDE7-D5D2-89E9-785413424D0A}"
EndProject
Project("{FAE04EC0-301F-11D3-BF4B-00C04F79EFBC}") = "SampleErp.Application", "Application\SampleErp.Application.csproj", "{5A6F4058-F77A-426A-B663-F1E4ECA519E2}"
EndProject
Project("{2150E333-8FDC-42A3-9474-1A3956D46DE8}") = "Infrastructure", "Infrastructure", "{DFEE68D8-A7D0-1A41-506C-9B74AA9A7B7B}"
EndProject
Project("{FAE04EC0-301F-11D3-BF4B-00C04F79EFBC}") = "SampleErp.Infrastructure", "Infrastructure\SampleErp.Infrastructure.csproj", "{181633FF-FFA8-4581-8792-743876661B98}"
EndProject
Project("{2150E333-8FDC-42A3-9474-1A3956D46DE8}") = "Api", "Api", "{D82C56D6-B2CD-F611-9E31-04638F7EC30E}"
EndProject
Project("{FAE04EC0-301F-11D3-BF4B-00C04F79EFBC}") = "SampleErp.Api", "Api\SampleErp.Api.csproj", "{95008D93-E689-4206-B6EB-EA6DC994F7E8}"
EndProject
Project("{2150E333-8FDC-42A3-9474-1A3956D46DE8}") = "Tests", "Tests", "{0AB3BF05-4346-4AA6-1389-037BE0695223}"
EndProject
Project("{FAE04EC0-301F-11D3-BF4B-00C04F79EFBC}") = "SampleErp.Tests", "Tests\SampleErp.Tests.csproj", "{C0C45780-4B67-40CD-9A63-FE0279B50A7A}"
EndProject
Global
	GlobalSection(SolutionConfigurationPlatforms) = preSolution
		Debug|Any CPU = Debug|Any CPU
		Debug|x64 = Debug|x64
		Debug|x86 = Debug|x86
		Release|Any CPU = Release|Any CPU
		Release|x64 = Release|x64
		Release|x86 = Release|x86
	EndGlobalSection
	GlobalSection(ProjectConfigurationPlatforms) = postSolution
		{6D08A836-BC48-40E0-810C-61BCFF8D27EE}.Debug|Any CPU.ActiveCfg = Debug|Any CPU
		{6D08A836-BC48-40E0-810C-61BCFF8D27EE}.Debug|Any CPU.Build.0 = Debug|Any CPU
		{6D08A836-BC48-40E0-810C-61BCFF8D27EE}.Debug|x64.ActiveCfg = Debug|Any CPU
		{6D08A836-BC48-40E0-810C-61BCFF8D27EE}.Debug|x64.Build.0 = Debug|Any CPU
		{6D08A836-BC48-40E0-810C-61BCFF8D27EE}.Debug|x86.ActiveCfg = Debug|Any CPU
		{6D08A836-BC48-40E0-810C-61BCFF8D27EE}.Debug|x86.Build.0 = Debug|Any CPU
		{6D08A836-BC48-40E0-810C-61BCFF8D27EE}.Release|Any CPU.ActiveCfg = Release|Any CPU
		{6D08A836-BC48-40E0-810C-61BCFF8D27EE}.Release|Any CPU.Build.0 = Release|Any CPU
		{6D08A836-BC48-40E0-810C-61BCFF8D27EE}.Release|x64.ActiveCfg = Release|Any CPU
		{6D08A836-BC48-40E0-810C-61BCFF8D27EE}.Release|x64.Build.0 = Release|Any CPU
		{6D08A836-BC48-40E0-810C-61BCFF8D27EE}.Release|x86.ActiveCfg = Release|Any CPU
		{6D08A836-BC48-40E0-810C-61BCFF8D27EE}.Release|x86.Build.0 = Release|Any CPU
		{A3296231-6179-40C7-9FED-5D76A0F8DC76}.Debug|Any CPU.ActiveCfg = Debug|Any CPU
		{A3296231-6179-40C7-9FED-5D76A0F8DC76}.Debug|Any CPU.Build.0 = Debug|Any CPU
		{A3296231-6179-40C7-9FED-5D76A0F8DC76}.Debug|x64.ActiveCfg = Debug|Any CPU
		{A3296231-6179-40C7-9FED-5D76A0F8DC76}.Debug|x64.Build.0 = Debug|Any CPU
		{A3296231-6179-40C7-9FED-5D76A0F8DC76}.Debug|x86.ActiveCfg = Debug|Any CPU
		{A3296231-6179-40C7-9FED-5D76A0F8DC76}.Debug|x86.Build.0 = Debug|Any CPU
		{A3296231-6179-40C7-9FED-5D76A0F8DC76}.Release|Any CPU.ActiveCfg = Release|Any CPU
		{A3296231-6179-40C7-9FED-5D76A0F8DC76}.Release|Any CPU.Build.0 = Release|Any CPU
		{A3296231-6179-40C7-9FED-5D76A0F8DC76}.Release|x64.ActiveCfg = Release|Any CPU
		{A3296231-6179-40C7-9FED-5D76A0F8DC76}.Release|x64.Build.0 = Release|Any CPU
		{A3296231-6179-40C7-9FED-5D76A0F8DC76}.Release|x86.ActiveCfg = Release|Any CPU
		{A3296231-6179-40C7-9FED-5D76A0F8DC76}.Release|x86.Build.0 = Release|Any CPU
		{5A6F4058-F77A-426A-B663-F1E4ECA519E2}.Debug|Any CPU.ActiveCfg = Debug|Any CPU
		{5A6F4058-F77A-426A-B663-F1E4ECA519E2}.Debug|Any CPU.Build.0 = Debug|Any CPU
		{5A6F4058-F77A-426A-B663-F1E4ECA519E2}.Debug|x64.ActiveCfg = Debug|Any CPU
		{5A6F4058-F77A-426A-B663-F1E4ECA519E2}.Debug|x64.Build.0 = Debug|Any CPU
		{5A6F4058-F77A-426A-B663-F1E4ECA519E2}.Debug|x86.ActiveCfg = Debug|Any CPU
		{5A6F4058-F77A-426A-B663-F1E4ECA519E2}.Debug|x86.Build.0 = Debug|Any CPU
		{5A6F4058-F77A-426A-B663-F1E4ECA519E2}.Release|Any CPU.ActiveCfg = Release|Any CPU
		{5A6F4058-F77A-426A-B663-F1E4ECA519E2}.Release|Any CPU.Build.0 = Release|Any CPU
		{5A6F4058-F77A-426A-B663-F1E4ECA519E2}.Release|x64.ActiveCfg = Release|Any CPU
		{5A6F4058-F77A-426A-B663-F1E4ECA519E2}.Release|x64.Build.0 = Release|Any CPU
		{5A6F4058-F77A-426A-B663-F1E4ECA519E2}.Release|x86.ActiveCfg = Release|Any CPU
		{5A6F4058-F77A-426A-B663-F1E4ECA519E2}.Release|x86.Build.0 = Release|Any CPU
		{181633FF-FFA8-4581-8792-743876661B98}.Debug|Any CPU.ActiveCfg = Debug|Any CPU
		{181633FF-FFA8-4581-8792-743876661B98}.Debug|Any CPU.Build.0 = Debug|Any CPU
		{181633FF-FFA8-4581-8792-743876661B98}.Debug|x64.ActiveCfg = Debug|Any CPU
		{181633FF-FFA8-4581-8792-743876661B98}.Debug|x64.Build.0 = Debug|Any CPU
		{181633FF-FFA8-4581-8792-743876661B98}.Debug|x86.ActiveCfg = Debug|Any CPU
		{181633FF-FFA8-4581-8792-743876661B98}.Debug|x86.Build.0 = Debug|Any CPU
		{181633FF-FFA8-4581-8792-743876661B98}.Release|Any CPU.ActiveCfg = Release|Any CPU
		{181633FF-FFA8-4581-8792-743876661B98}.Release|Any CPU.Build.0 = Release|Any CPU
		{181633FF-FFA8-4581-8792-743876661B98}.Release|x64.ActiveCfg = Release|Any CPU
		{181633FF-FFA8-4581-8792-743876661B98}.Release|x64.Build.0 = Release|Any CPU
		{181633FF-FFA8-4581-8792-743876661B98}.Release|x86.ActiveCfg = Release|Any CPU
		{181633FF-FFA8-4581-8792-743876661B98}.Release|x86.Build.0 = Release|Any CPU
		{95008D93-E689-4206-B6EB-EA6DC994F7E8}.Debug|Any CPU.ActiveCfg = Debug|Any CPU
		{95008D93-E689-4206-B6EB-EA6DC994F7E8}.Debug|Any CPU.Build.0 = Debug|Any CPU
		{95008D93-E689-4206-B6EB-EA6DC994F7E8}.Debug|x64.ActiveCfg = Debug|Any CPU
		{95008D93-E689-4206-B6EB-EA6DC994F7E8}.Debug|x64.Build.0 = Debug|Any CPU
		{95008D93-E689-4206-B6EB-EA6DC994F7E8}.Debug|x86.ActiveCfg = Debug|Any CPU
		{95008D93-E689-4206-B6EB-EA6DC994F7E8}.Debug|x86.Build.0 = Debug|Any CPU
		{95008D93-E689-4206-B6EB-EA6DC994F7E8}.Release|Any CPU.ActiveCfg = Release|Any CPU
		{95008D93-E689-4206-B6EB-EA6DC994F7E8}.Release|Any CPU.Build.0 = Release|Any CPU
		{95008D93-E689-4206-B6EB-EA6DC994F7E8}.Release|x64.ActiveCfg = Release|Any CPU
		{95008D93-E689-4206-B6EB-EA6DC994F7E8}.Release|x64.Build.0 = Release|Any CPU
		{95008D93-E689-4206-B6EB-EA6DC994F7E8}.Release|x86.ActiveCfg = Release|Any CPU
		{95008D93-E689-4206-B6EB-EA6DC994F7E8}.Release|x86.Build.0 = Release|Any CPU
		{C0C45780-4B67-40CD-9A63-FE0279B50A7A}.Debug|Any CPU.ActiveCfg = Debug|Any CPU
		{C0C45780-4B67-40CD-9A63-FE0279B50A7A}.Debug|Any CPU.Build.0 = Debug|Any CPU
		{C0C45780-4B67-40CD-9A63-FE0279B50A7A}.Debug|x64.ActiveCfg = Debug|Any CPU
		{C0C45780-4B67-40CD-9A63-FE0279B50A7A}.Debug|x64.Build.0 = Debug|Any CPU
		{C0C45780-4B67-40CD-9A63-FE0279B50A7A}.Debug|x86.ActiveCfg = Debug|Any CPU
		{C0C45780-4B67-40CD-9A63-FE0279B50A7A}.Debug|x86.Build.0 = Debug|Any CPU
		{C0C45780-4B67-40CD-9A63-FE0279B50A7A}.Release|Any CPU.ActiveCfg = Release|Any CPU
		{C0C45780-4B67-40CD-9A63-FE0279B50A7A}.Release|Any CPU.Build.0 = Release|Any CPU
		{C0C45780-4B67-40CD-9A63-FE0279B50A7A}.Release|x64.ActiveCfg = Release|Any CPU
		{C0C45780-4B67-40CD-9A63-FE0279B50A7A}.Release|x64.Build.0 = Release|Any CPU
		{C0C45780-4B67-40CD-9A63-FE0279B50A7A}.Release|x86.ActiveCfg = Release|Any CPU
		{C0C45780-4B67-40CD-9A63-FE0279B50A7A}.Release|x86.Build.0 = Release|Any CPU
	EndGlobalSection
	GlobalSection(SolutionProperties) = preSolution
		HideSolutionNode = FALSE
	EndGlobalSection
	GlobalSection(NestedProjects) = preSolution
		{6D08A836-BC48-40E0-810C-61BCFF8D27EE} = {881589EE-639B-0A35-DBCE-5D94E4FC90C0}
		{A3296231-6179-40C7-9FED-5D76A0F8DC76} = {996CEBED-A05B-5D42-3FF0-982E087A2599}
		{5A6F4058-F77A-426A-B663-F1E4ECA519E2} = {A74F262E-BDE7-D5D2-89E9-785413424D0A}
		{181633FF-FFA8-4581-8792-743876661B98} = {DFEE68D8-A7D0-1A41-506C-9B74AA9A7B7B}
		{95008D93-E689-4206-B6EB-EA6DC994F7E8} = {D82C56D6-B2CD-F611-9E31-04638F7EC30E}
		{C0C45780-4B67-40CD-9A63-FE0279B50A7A} = {0AB3BF05-4346-4AA6-1389-037BE0695223}
	EndGlobalSection
EndGlobal
